
Microsoft Visual Studio Solution File, Format Version 12.00
# Visual Studio Version 17
VisualStudioVersion = 17.14.36603.0 d17.14
MinimumVisualStudioVersion = 10.0.40219.1
Project("{FAE04EC0-301F-11D3-BF4B-00C04F79EFBC}") = "BuscarEnderecos.API", "BuscarEnderecos.API.csproj", "{CA5001EC-3B04-4880-B9B5-3533D85B997C}"
EndProject
Global
	GlobalSection(SolutionConfigurationPlatforms) = preSolution
		Debug|Any CPU = Debug|Any CPU
		Release|Any CPU = Release|Any CPU
	EndGlobalSection
	GlobalSection(ProjectConfigurationPlatforms) = postSolution
		{CA5001EC-3B04-4880-B9B5-3533D85B997C}.Debug|Any CPU.ActiveCfg = Debug|Any CPU
		{CA5001EC-3B04-4880-B9B5-3533D85B997C}.Debug|Any CPU.Build.0 = Debug|Any CPU
		{CA5001EC-3B04-4880-B9B5-3533D85B997C}.Release|Any CPU.ActiveCfg = Release|Any CPU
		{CA5001EC-3B04-4880-B9B5-3533D85B997C}.Release|Any CPU.Build.0 = Release|Any CPU
	EndGlobalSection
	GlobalSection(SolutionProperties) = preSolution
		HideSolutionNode = FALSE
	EndGlobalSection
	GlobalSection(ExtensibilityGlobals) = postSolution
		SolutionGuid = {E85C2648-EA54-418F-AACD-324242CF3966}
	EndGlobalSection
EndGlobal
